
Microsoft Visual Studio Solution File, Format Version 12.00
# Visual Studio Version 16
VisualStudioVersion = 16.0.30011.22
MinimumVisualStudioVersion = 10.0.40219.1
Project("{FAE04EC0-301F-11D3-BF4B-00C04F79EFBC}") = "OmaData", "OmaData\OmaData.csproj", "{0EC01366-61AF-4997-906A-EF493EEA0C82}"
EndProject
Global
	GlobalSection(SolutionConfigurationPlatforms) = preSolution
		Debug|Any CPU = Debug|Any CPU
		Release|Any CPU = Release|Any CPU
	EndGlobalSection
	GlobalSection(ProjectConfigurationPlatforms) = postSolution
		{0EC01366-61AF-4997-906A-EF493EEA0C82}.Debug|Any CPU.ActiveCfg = Debug|Any CPU
		{0EC01366-61AF-4997-906A-EF493EEA0C82}.Debug|Any CPU.Build.0 = Debug|Any CPU
		{0EC01366-61AF-4997-906A-EF493EEA0C82}.Release|Any CPU.ActiveCfg = Release|Any CPU
		{0EC01366-61AF-4997-906A-EF493EEA0C82}.Release|Any CPU.Build.0 = Release|Any CPU
	EndGlobalSection
	GlobalSection(SolutionProperties) = preSolution
		HideSolutionNode = FALSE
	EndGlobalSection
	GlobalSection(ExtensibilityGlobals) = postSolution
		SolutionGuid = {AEC94F8F-F41D-4813-BD9A-0799B3CB6114}
	EndGlobalSection
EndGlobal
